
Microsoft Visual Studio Solution File, Format Version 12.00
# Visual Studio Version 17
VisualStudioVersion = 17.11.35303.130
MinimumVisualStudioVersion = 10.0.40219.1
Project("{FAE04EC0-301F-11D3-BF4B-00C04F79EFBC}") = "GestionEstudiantes", "GestionEstudiantes\GestionEstudiantes.csproj", "{3113E062-2423-48B6-AA06-AE74A6D7C63A}"
EndProject
Global
	GlobalSection(SolutionConfigurationPlatforms) = preSolution
		Debug|Any CPU = Debug|Any CPU
		Release|Any CPU = Release|Any CPU
	EndGlobalSection
	GlobalSection(ProjectConfigurationPlatforms) = postSolution
		{3113E062-2423-48B6-AA06-AE74A6D7C63A}.Debug|Any CPU.ActiveCfg = Debug|Any CPU
		{3113E062-2423-48B6-AA06-AE74A6D7C63A}.Debug|Any CPU.Build.0 = Debug|Any CPU
		{3113E062-2423-48B6-AA06-AE74A6D7C63A}.Release|Any CPU.ActiveCfg = Release|Any CPU
		{3113E062-2423-48B6-AA06-AE74A6D7C63A}.Release|Any CPU.Build.0 = Release|Any CPU
	EndGlobalSection
	GlobalSection(SolutionProperties) = preSolution
		HideSolutionNode = FALSE
	EndGlobalSection
	GlobalSection(ExtensibilityGlobals) = postSolution
		SolutionGuid = {3C2E989E-7727-45ED-AB58-7A8DC0DD082A}
	EndGlobalSection
EndGlobal
